
Microsoft Visual Studio Solution File, Format Version 12.00
# Visual Studio Version 17
VisualStudioVersion = 17.5.33516.290
MinimumVisualStudioVersion = 10.0.40219.1
Project("{FAE04EC0-301F-11D3-BF4B-00C04F79EFBC}") = "WpfApp1", "WpfApp1\WpfApp1.csproj", "{AB2E955A-4663-4DFC-B16E-65FD7EEA9762}"
EndProject
Global
	GlobalSection(SolutionConfigurationPlatforms) = preSolution
		Debug|Any CPU = Debug|Any CPU
		Release|Any CPU = Release|Any CPU
	EndGlobalSection
	GlobalSection(ProjectConfigurationPlatforms) = postSolution
		{AB2E955A-4663-4DFC-B16E-65FD7EEA9762}.Debug|Any CPU.ActiveCfg = Debug|Any CPU
		{AB2E955A-4663-4DFC-B16E-65FD7EEA9762}.Debug|Any CPU.Build.0 = Debug|Any CPU
		{AB2E955A-4663-4DFC-B16E-65FD7EEA9762}.Release|Any CPU.ActiveCfg = Release|Any CPU
		{AB2E955A-4663-4DFC-B16E-65FD7EEA9762}.Release|Any CPU.Build.0 = Release|Any CPU
	EndGlobalSection
	GlobalSection(SolutionProperties) = preSolution
		HideSolutionNode = FALSE
	EndGlobalSection
	GlobalSection(ExtensibilityGlobals) = postSolution
		SolutionGuid = {DBC757AC-5696-4659-95F3-DB343E0EEEEE}
	EndGlobalSection
EndGlobal
